
Microsoft Visual Studio Solution File, Format Version 12.00
# Visual Studio Version 17
VisualStudioVersion = 17.8.34322.80
MinimumVisualStudioVersion = 10.0.40219.1
Project("{FAE04EC0-301F-11D3-BF4B-00C04F79EFBC}") = "WinFormsApp1", "WinFormsApp1.csproj", "{95390510-C81E-431F-B253-DADC940A1251}"
EndProject
Global
	GlobalSection(SolutionConfigurationPlatforms) = preSolution
		Debug|Any CPU = Debug|Any CPU
		Release|Any CPU = Release|Any CPU
	EndGlobalSection
	GlobalSection(ProjectConfigurationPlatforms) = postSolution
		{95390510-C81E-431F-B253-DADC940A1251}.Debug|Any CPU.ActiveCfg = Debug|Any CPU
		{95390510-C81E-431F-B253-DADC940A1251}.Debug|Any CPU.Build.0 = Debug|Any CPU
		{95390510-C81E-431F-B253-DADC940A1251}.Release|Any CPU.ActiveCfg = Release|Any CPU
		{95390510-C81E-431F-B253-DADC940A1251}.Release|Any CPU.Build.0 = Release|Any CPU
	EndGlobalSection
	GlobalSection(SolutionProperties) = preSolution
		HideSolutionNode = FALSE
	EndGlobalSection
	GlobalSection(ExtensibilityGlobals) = postSolution
		SolutionGuid = {2F1471C2-0C4B-4196-BB0A-EC3840E6B94B}
	EndGlobalSection
EndGlobal
